
Microsoft Visual Studio Solution File, Format Version 12.00
# Visual Studio Version 17
VisualStudioVersion = 17.14.36414.22 d17.14
MinimumVisualStudioVersion = 10.0.40219.1
Project("{FAE04EC0-301F-11D3-BF4B-00C04F79EFBC}") = "WARDB", "WARDB\WARDB.csproj", "{57FBD755-0CC4-42DE-85A1-B3EB98EB032D}"
EndProject
Global
	GlobalSection(SolutionConfigurationPlatforms) = preSolution
		Debug|Any CPU = Debug|Any CPU
		Release|Any CPU = Release|Any CPU
	EndGlobalSection
	GlobalSection(ProjectConfigurationPlatforms) = postSolution
		{57FBD755-0CC4-42DE-85A1-B3EB98EB032D}.Debug|Any CPU.ActiveCfg = Debug|Any CPU
		{57FBD755-0CC4-42DE-85A1-B3EB98EB032D}.Debug|Any CPU.Build.0 = Debug|Any CPU
		{57FBD755-0CC4-42DE-85A1-B3EB98EB032D}.Release|Any CPU.ActiveCfg = Release|Any CPU
		{57FBD755-0CC4-42DE-85A1-B3EB98EB032D}.Release|Any CPU.Build.0 = Release|Any CPU
	EndGlobalSection
	GlobalSection(SolutionProperties) = preSolution
		HideSolutionNode = FALSE
	EndGlobalSection
	GlobalSection(ExtensibilityGlobals) = postSolution
		SolutionGuid = {E336F6F9-0F04-4B76-BB18-B48F6E3ABBAD}
	EndGlobalSection
EndGlobal
